// !$*UTF8*$!
{
	archiveVersion = 1;
	classes = {
	};
	objectVersion = 48;
	objects = {

/* Begin PBXBuildFile section */
		F5BDC28B1FE2DE2700857326 /* AppDelegate.swift in Sources */ = {isa = PBXBuildFile; fileRef = F5BDC28A1FE2DE2700857326 /* AppDelegate.swift */; };
		F5BDC28D1FE2DE2700857326 /* ViewController.swift in Sources */ = {isa = PBXBuildFile; fileRef = F5BDC28C1FE2DE2700857326 /* ViewController.swift */; };
		F5BDC2901FE2DE2700857326 /* Main.storyboard in Resources */ = {isa = PBXBuildFile; fileRef = F5BDC28E1FE2DE2700857326 /* Main.storyboard */; };
		F5BDC2921FE2DE2700857326 /* Assets.xcassets in Resources */ = {isa = PBXBuildFile; fileRef = F5BDC2911FE2DE2700857326 /* Assets.xcassets */; };
		F5BDC2951FE2DE2700857326 /* LaunchScreen.storyboard in Resources */ = {isa = PBXBuildFile; fileRef = F5BDC2931FE2DE2700857326 /* LaunchScreen.storyboard */; };
		F5BDC2A01FE2DE2700857326 /* newAppArTests.swift in Sources */ = {isa = PBXBuildFile; fileRef = F5BDC29F1FE2DE2700857326 /* newAppArTests.swift */; };
		F5BDC2AB1FE2DE2700857326 /* newAppArUITests.swift in Sources */ = {isa = PBXBuildFile; fileRef = F5BDC2AA1FE2DE2700857326 /* newAppArUITests.swift */; };
/* End PBXBuildFile section */

/* Begin PBXContainerItemProxy section */
		F5BDC29C1FE2DE2700857326 /* PBXContainerItemProxy */ = {
			isa = PBXContainerItemProxy;
			containerPortal = F5BDC27F1FE2DE2700857326 /* Project object */;
			proxyType = 1;
			remoteGlobalIDString = F5BDC2861FE2DE2700857326;
			remoteInfo = newAppAr;
		};
		F5BDC2A71FE2DE2700857326 /* PBXContainerItemProxy */ = {
			isa = PBXContainerItemProxy;
			containerPortal = F5BDC27F1FE2DE2700857326 /* Project object */;
			proxyType = 1;
			remoteGlobalIDString = F5BDC2861FE2DE2700857326;
			remoteInfo = newAppAr;
		};
/* End PBXContainerItemProxy section */

/* Begin PBXFileReference section */
		F5BDC2871FE2DE2700857326 /* newAppAr.app */ = {isa = PBXFileReference; explicitFileType = wrapper.application; includeInIndex = 0; path = newAppAr.app; sourceTree = BUILT_PRODUCTS_DIR; };
		F5BDC28A1FE2DE2700857326 /* AppDelegate.swift */ = {isa = PBXFileReference; lastKnownFileType = sourcecode.swift; path = AppDelegate.swift; sourceTree = "<group>"; };
		F5BDC28C1FE2DE2700857326 /* ViewController.swift */ = {isa = PBXFileReference; lastKnownFileType = sourcecode.swift; path = ViewController.swift; sourceTree = "<group>"; };
		F5BDC28F1FE2DE2700857326 /* Base */ = {isa = PBXFileReference; lastKnownFileType = file.storyboard; name = Base; path = Base.lproj/Main.storyboard; sourceTree = "<group>"; };
		F5BDC2911FE2DE2700857326 /* Assets.xcassets */ = {isa = PBXFileReference; lastKnownFileType = folder.assetcatalog; path = Assets.xcassets; sourceTree = "<group>"; };
		F5BDC2941FE2DE2700857326 /* Base */ = {isa = PBXFileReference; lastKnownFileType = file.storyboard; name = Base; path = Base.lproj/LaunchScreen.storyboard; sourceTree = "<group>"; };
		F5BDC2961FE2DE2700857326 /* Info.plist */ = {isa = PBXFileReference; lastKnownFileType = text.plist.xml; path = Info.plist; sourceTree = "<group>"; };
		F5BDC29B1FE2DE2700857326 /* newAppArTests.xctest */ = {isa = PBXFileReference; explicitFileType = wrapper.cfbundle; includeInIndex = 0; path = newAppArTests.xctest; sourceTree = BUILT_PRODUCTS_DIR; };
		F5BDC29F1FE2DE2700857326 /* newAppArTests.swift */ = {isa = PBXFileReference; lastKnownFileType = sourcecode.swift; path = newAppArTests.swift; sourceTree = "<group>"; };
		F5BDC2A11FE2DE2700857326 /* Info.plist */ = {isa = PBXFileReference; lastKnownFileType = text.plist.xml; path = Info.plist; sourceTree = "<group>"; };
		F5BDC2A61FE2DE2700857326 /* newAppArUITests.xctest */ = {isa = PBXFileReference; explicitFileType = wrapper.cfbundle; includeInIndex = 0; path = newAppArUITests.xctest; sourceTree = BUILT_PRODUCTS_DIR; };
		F5BDC2AA1FE2DE2700857326 /* newAppArUITests.swift */ = {isa = PBXFileReference; lastKnownFileType = sourcecode.swift; path = newAppArUITests.swift; sourceTree = "<group>"; };
		F5BDC2AC1FE2DE2700857326 /* Info.plist */ = {isa = PBXFileReference; lastKnownFileType = text.plist.xml; path = Info.plist; sourceTree = "<group>"; };
/* End PBXFileReference section */

/* Begin PBXFrameworksBuildPhase section */
		F5BDC2841FE2DE2700857326 /* Frameworks */ = {
			isa = PBXFrameworksBuildPhase;
			buildActionMask = 2147483647;
			files = (
			);
			runOnlyForDeploymentPostprocessing = 0;
		};
		F5BDC2981FE2DE2700857326 /* Frameworks */ = {
			isa = PBXFrameworksBuildPhase;
			buildActionMask = 2147483647;
			files = (
			);
			runOnlyForDeploymentPostprocessing = 0;
		};
		F5BDC2A31FE2DE2700857326 /* Frameworks */ = {
			isa = PBXFrameworksBuildPhase;
			buildActionMask = 2147483647;
			files = (
			);
			runOnlyForDeploymentPostprocessing = 0;
		};
/* End PBXFrameworksBuildPhase section */

/* Begin PBXGroup section */
		F5BDC27E1FE2DE2700857326 = {
			isa = PBXGroup;
			children = (
				F5BDC2891FE2DE2700857326 /* newAppAr */,
				F5BDC29E1FE2DE2700857326 /* newAppArTests */,
				F5BDC2A91FE2DE2700857326 /* newAppArUITests */,
				F5BDC2881FE2DE2700857326 /* Products */,
			);
			sourceTree = "<group>";
		};
		F5BDC2881FE2DE2700857326 /* Products */ = {
			isa = PBXGroup;
			children = (
				F5BDC2871FE2DE2700857326 /* newAppAr.app */,
				F5BDC29B1FE2DE2700857326 /* newAppArTests.xctest */,
				F5BDC2A61FE2DE2700857326 /* newAppArUITests.xctest */,
			);
			name = Products;
			sourceTree = "<group>";
		};
		F5BDC2891FE2DE2700857326 /* newAppAr */ = {
			isa = PBXGroup;
			children = (
				F5BDC28A1FE2DE2700857326 /* AppDelegate.swift */,
				F5BDC28C1FE2DE2700857326 /* ViewController.swift */,
				F5BDC28E1FE2DE2700857326 /* Main.storyboard */,
				F5BDC2911FE2DE2700857326 /* Assets.xcassets */,
				F5BDC2931FE2DE2700857326 /* LaunchScreen.storyboard */,
				F5BDC2961FE2DE2700857326 /* Info.plist */,
			);
			path = newAppAr;
			sourceTree = "<group>";
		};
		F5BDC29E1FE2DE2700857326 /* newAppArTests */ = {
			isa = PBXGroup;
			children = (
				F5BDC29F1FE2DE2700857326 /* newAppArTests.swift */,
				F5BDC2A11FE2DE2700857326 /* Info.plist */,
			);
			path = newAppArTests;
			sourceTree = "<group>";
		};
		F5BDC2A91FE2DE2700857326 /* newAppArUITests */ = {
			isa = PBXGroup;
			children = (
				F5BDC2AA1FE2DE2700857326 /* newAppArUITests.swift */,
				F5BDC2AC1FE2DE2700857326 /* Info.plist */,
			);
			path = newAppArUITests;
			sourceTree = "<group>";
		};
/* End PBXGroup section */

/* Begin PBXNativeTarget section */
		F5BDC2861FE2DE2700857326 /* newAppAr */ = {
			isa = PBXNativeTarget;
			buildConfigurationList = F5BDC2AF1FE2DE2700857326 /* Build configuration list for PBXNativeTarget "newAppAr" */;
			buildPhases = (
				F5BDC2831FE2DE2700857326 /* Sources */,
				F5BDC2841FE2DE2700857326 /* Frameworks */,
				F5BDC2851FE2DE2700857326 /* Resources */,
			);
			buildRules = (
			);
			dependencies = (
			);
			name = newAppAr;
			productName = newAppAr;
			productReference = F5BDC2871FE2DE2700857326 /* newAppAr.app */;
			productType = "com.apple.product-type.application";
		};
		F5BDC29A1FE2DE2700857326 /* newAppArTests */ = {
			isa = PBXNativeTarget;
			buildConfigurationList = F5BDC2B21FE2DE2700857326 /* Build configuration list for PBXNativeTarget "newAppArTests" */;
			buildPhases = (
				F5BDC2971FE2DE2700857326 /* Sources */,
				F5BDC2981FE2DE2700857326 /* Frameworks */,
				F5BDC2991FE2DE2700857326 /* Resources */,
			);
			buildRules = (
			);
			dependencies = (
				F5BDC29D1FE2DE2700857326 /* PBXTargetDependency */,
			);
			name = newAppArTests;
			productName = newAppArTests;
			productReference = F5BDC29B1FE2DE2700857326 /* newAppArTests.xctest */;
			productType = "com.apple.product-type.bundle.unit-test";
		};
		F5BDC2A51FE2DE2700857326 /* newAppArUITests */ = {
			isa = PBXNativeTarget;
			buildConfigurationList = F5BDC2B51FE2DE2700857326 /* Build configuration list for PBXNativeTarget "newAppArUITests" */;
			buildPhases = (
				F5BDC2A21FE2DE2700857326 /* Sources */,
				F5BDC2A31FE2DE2700857326 /* Frameworks */,
				F5BDC2A41FE2DE2700857326 /* Resources */,
			);
			buildRules = (
			);
			dependencies = (
				F5BDC2A81FE2DE2700857326 /* PBXTargetDependency */,
			);
			name = newAppArUITests;
			productName = newAppArUITests;
			productReference = F5BDC2A61FE2DE2700857326 /* newAppArUITests.xctest */;
			productType = "com.apple.product-type.bundle.ui-testing";
		};
/* End PBXNativeTarget section */

/* Begin PBXProject section */
		F5BDC27F1FE2DE2700857326 /* Project object */ = {
			isa = PBXProject;
			attributes = {
				LastSwiftUpdateCheck = 0920;
				LastUpgradeCheck = 0920;
				ORGANIZATIONNAME = "Vittorio Grimaldi";
				TargetAttributes = {
					F5BDC2861FE2DE2700857326 = {
						CreatedOnToolsVersion = 9.2;
						ProvisioningStyle = Automatic;
					};
					F5BDC29A1FE2DE2700857326 = {
						CreatedOnToolsVersion = 9.2;
						ProvisioningStyle = Automatic;
						TestTargetID = F5BDC2861FE2DE2700857326;
					};
					F5BDC2A51FE2DE2700857326 = {
						CreatedOnToolsVersion = 9.2;
						ProvisioningStyle = Automatic;
						TestTargetID = F5BDC2861FE2DE2700857326;
					};
				};
			};
			buildConfigurationList = F5BDC2821FE2DE2700857326 /* Build configuration list for PBXProject "newAppAr" */;
			compatibilityVersion = "Xcode 8.0";
			developmentRegion = en;
			hasScannedForEncodings = 0;
			knownRegions = (
				en,
				Base,
			);
			mainGroup = F5BDC27E1FE2DE2700857326;
			productRefGroup = F5BDC2881FE2DE2700857326 /* Products */;
			projectDirPath = "";
			projectRoot = "";
			targets = (
				F5BDC2861FE2DE2700857326 /* newAppAr */,
				F5BDC29A1FE2DE2700857326 /* newAppArTests */,
				F5BDC2A51FE2DE2700857326 /* newAppArUITests */,
			);
		};
/* End PBXProject section */

/* Begin PBXResourcesBuildPhase section */
		F5BDC2851FE2DE2700857326 /* Resources */ = {
			isa = PBXResourcesBuildPhase;
			buildActionMask = 2147483647;
			files = (
				F5BDC2951FE2DE2700857326 /* LaunchScreen.storyboard in Resources */,
				F5BDC2921FE2DE2700857326 /* Assets.xcassets in Resources */,
				F5BDC2901FE2DE2700857326 /* Main.storyboard in Resources */,
			);
			runOnlyForDeploymentPostprocessing = 0;
		};
		F5BDC2991FE2DE2700857326 /* Resources */ = {
			isa = PBXResourcesBuildPhase;
			buildActionMask = 2147483647;
			files = (
			);
			runOnlyForDeploymentPostprocessing = 0;
		};
		F5BDC2A41FE2DE2700857326 /* Resources */ = {
			isa = PBXResourcesBuildPhase;
			buildActionMask = 2147483647;
			files = (
			);
			runOnlyForDeploymentPostprocessing = 0;
		};
/* End PBXResourcesBuildPhase section */

/* Begin PBXSourcesBuildPhase section */
		F5BDC2831FE2DE2700857326 /* Sources */ = {
			isa = PBXSourcesBuildPhase;
			buildActionMask = 2147483647;
			files = (
				F5BDC28D1FE2DE2700857326 /* ViewController.swift in Sources */,
				F5BDC28B1FE2DE2700857326 /* AppDelegate.swift in Sources */,
			);
			runOnlyForDeploymentPostprocessing = 0;
		};
		F5BDC2971FE2DE2700857326 /* Sources */ = {
			isa = PBXSourcesBuildPhase;
			buildActionMask = 2147483647;
			files = (
				F5BDC2A01FE2DE2700857326 /* newAppArTests.swift in Sources */,
			);
			runOnlyForDeploymentPostprocessing = 0;
		};
		F5BDC2A21FE2DE2700857326 /* Sources */ = {
			isa = PBXSourcesBuildPhase;
			buildActionMask = 2147483647;
			files = (
				F5BDC2AB1FE2DE2700857326 /* newAppArUITests.swift in Sources */,
			);
			runOnlyForDeploymentPostprocessing = 0;
		};
/* End PBXSourcesBuildPhase section */

/* Begin PBXTargetDependency section */
		F5BDC29D1FE2DE2700857326 /* PBXTargetDependency */ = {
			isa = PBXTargetDependency;
			target = F5BDC2861FE2DE2700857326 /* newAppAr */;
			targetProxy = F5BDC29C1FE2DE2700857326 /* PBXContainerItemProxy */;
		};
		F5BDC2A81FE2DE2700857326 /* PBXTargetDependency */ = {
			isa = PBXTargetDependency;
			target = F5BDC2861FE2DE2700857326 /* newAppAr */;
			targetProxy = F5BDC2A71FE2DE2700857326 /* PBXContainerItemProxy */;
		};
/* End PBXTargetDependency section */

/* Begin PBXVariantGroup section */
		F5BDC28E1FE2DE2700857326 /* Main.storyboard */ = {
			isa = PBXVariantGroup;
			children = (
				F5BDC28F1FE2DE2700857326 /* Base */,
			);
			name = Main.storyboard;
			sourceTree = "<group>";
		};
		F5BDC2931FE2DE2700857326 /* LaunchScreen.storyboard */ = {
			isa = PBXVariantGroup;
			children = (
				F5BDC2941FE2DE2700857326 /* Base */,
			);
			name = LaunchScreen.storyboard;
			sourceTree = "<group>";
		};
/* End PBXVariantGroup section */

/* Begin XCBuildConfiguration section */
		F5BDC2AD1FE2DE2700857326 /* Debug */ = {
			isa = XCBuildConfiguration;
			buildSettings = {
				ALWAYS_SEARCH_USER_PATHS = NO;
				CLANG_ANALYZER_NONNULL = YES;
				CLANG_ANALYZER_NUMBER_OBJECT_CONVERSION = YES_AGGRESSIVE;
				CLANG_CXX_LANGUAGE_STANDARD = "gnu++14";
				CLANG_CXX_LIBRARY = "libc++";
				CLANG_ENABLE_MODULES = YES;
				CLANG_ENABLE_OBJC_ARC = YES;
				CLANG_WARN_BLOCK_CAPTURE_AUTORELEASING = YES;
				CLANG_WARN_BOOL_CONVERSION = YES;
				CLANG_WARN_COMMA = YES;
				CLANG_WARN_CONSTANT_CONVERSION = YES;
				CLANG_WARN_DIRECT_OBJC_ISA_USAGE = YES_ERROR;
				CLANG_WARN_DOCUMENTATION_COMMENTS = YES;
				CLANG_WARN_EMPTY_BODY = YES;
				CLANG_WARN_ENUM_CONVERSION = YES;
				CLANG_WARN_INFINITE_RECURSION = YES;
				CLANG_WARN_INT_CONVERSION = YES;
				CLANG_WARN_NON_LITERAL_NULL_CONVERSION = YES;
				CLANG_WARN_OBJC_LITERAL_CONVERSION = YES;
				CLANG_WARN_OBJC_ROOT_CLASS = YES_ERROR;
				CLANG_WARN_RANGE_LOOP_ANALYSIS = YES;
				CLANG_WARN_STRICT_PROTOTYPES = YES;
				CLANG_WARN_SUSPICIOUS_MOVE = YES;
				CLANG_WARN_UNGUARDED_AVAILABILITY = YES_AGGRESSIVE;
				CLANG_WARN_UNREACHABLE_CODE = YES;
				CLANG_WARN__DUPLICATE_METHOD_MATCH = YES;
				CODE_SIGN_IDENTITY = "iPhone Developer";
				COPY_PHASE_STRIP = NO;
				DEBUG_INFORMATION_FORMAT = dwarf;
				ENABLE_STRICT_OBJC_MSGSEND = YES;
				ENABLE_TESTABILITY = YES;
				GCC_C_LANGUAGE_STANDARD = gnu11;
				GCC_DYNAMIC_NO_PIC = NO;
				GCC_NO_COMMON_BLOCKS = YES;
				GCC_OPTIMIZATION_LEVEL = 0;
				GCC_PREPROCESSOR_DEFINITIONS = (
					"DEBUG=1",
					"$(inherited)",
				);
				GCC_WARN_64_TO_32_BIT_CONVERSION = YES;
				GCC_WARN_ABOUT_RETURN_TYPE = YES_ERROR;
				GCC_WARN_UNDECLARED_SELECTOR = YES;
				GCC_WARN_UNINITIALIZED_AUTOS = YES_AGGRESSIVE;
				GCC_WARN_UNUSED_FUNCTION = YES;
				GCC_WARN_UNUSED_VARIABLE = YES;
				IPHONEOS_DEPLOYMENT_TARGET = 11.2;
				MTL_ENABLE_DEBUG_INFO = YES;
				ONLY_ACTIVE_ARCH = YES;
				SDKROOT = iphoneos;
				SWIFT_ACTIVE_COMPILATION_CONDITIONS = DEBUG;
				SWIFT_OPTIMIZATION_LEVEL = "-Onone";
			};
			name = Debug;
		};
		F5BDC2AE1FE2DE2700857326 /* Release */ = {
			isa = XCBuildConfiguration;
			buildSettings = {
				ALWAYS_SEARCH_USER_PATHS = NO;
				CLANG_ANALYZER_NONNULL = YES;
				CLANG_ANALYZER_NUMBER_OBJECT_CONVERSION = YES_AGGRESSIVE;
				CLANG_CXX_LANGUAGE_STANDARD = "gnu++14";
				CLANG_CXX_LIBRARY = "libc++";
				CLANG_ENABLE_MODULES = YES;
				CLANG_ENABLE_OBJC_ARC = YES;
				CLANG_WARN_BLOCK_CAPTURE_AUTORELEASING = YES;
				CLANG_WARN_BOOL_CONVERSION = YES;
				CLANG_WARN_COMMA = YES;
				CLANG_WARN_CONSTANT_CONVERSION = YES;
				CLANG_WARN_DIRECT_OBJC_ISA_USAGE = YES_ERROR;
				CLANG_WARN_DOCUMENTATION_COMMENTS = YES;
				CLANG_WARN_EMPTY_BODY = YES;
				CLANG_WARN_ENUM_CONVERSION = YES;
				CLANG_WARN_INFINITE_RECURSION = YES;
				CLANG_WARN_INT_CONVERSION = YES;
				CLANG_WARN_NON_LITERAL_NULL_CONVERSION = YES;
				CLANG_WARN_OBJC_LITERAL_CONVERSION = YES;
				CLANG_WARN_OBJC_ROOT_CLASS = YES_ERROR;
				CLANG_WARN_RANGE_LOOP_ANALYSIS = YES;
				CLANG_WARN_STRICT_PROTOTYPES = YES;
				CLANG_WARN_SUSPICIOUS_MOVE = YES;
				CLANG_WARN_UNGUARDED_AVAILABILITY = YES_AGGRESSIVE;
				CLANG_WARN_UNREACHABLE_CODE = YES;
				CLANG_WARN__DUPLICATE_METHOD_MATCH = YES;
				CODE_SIGN_IDENTITY = "iPhone Developer";
				COPY_PHASE_STRIP = NO;
				DEBUG_INFORMATION_FORMAT = "dwarf-with-dsym";
				ENABLE_NS_ASSERTIONS = NO;
				ENABLE_STRICT_OBJC_MSGSEND = YES;
				GCC_C_LANGUAGE_STANDARD = gnu11;
				GCC_NO_COMMON_BLOCKS = YES;
				GCC_WARN_64_TO_32_BIT_CONVERSION = YES;
				GCC_WARN_ABOUT_RETURN_TYPE = YES_ERROR;
				GCC_WARN_UNDECLARED_SELECTOR = YES;
				GCC_WARN_UNINITIALIZED_AUTOS = YES_AGGRESSIVE;
				GCC_WARN_UNUSED_FUNCTION = YES;
				GCC_WARN_UNUSED_VARIABLE = YES;
				IPHONEOS_DEPLOYMENT_TARGET = 11.2;
				MTL_ENABLE_DEBUG_INFO = NO;
				SDKROOT = iphoneos;
				SWIFT_OPTIMIZATION_LEVEL = "-Owholemodule";
				VALIDATE_PRODUCT = YES;
			};
			name = Release;
		};
		F5BDC2B01FE2DE2700857326 /* Debug */ = {
			isa = XCBuildConfiguration;
			buildSettings = {
				ASSETCATALOG_COMPILER_APPICON_NAME = AppIcon;
				CODE_SIGN_STYLE = Automatic;
				INFOPLIST_FILE = newAppAr/Info.plist;
				LD_RUNPATH_SEARCH_PATHS = "$(inherited) @executable_path/Frameworks";
				PRODUCT_BUNDLE_IDENTIFIER = appleDevAcademyNaples.newAppAr;
				PRODUCT_NAME = "$(TARGET_NAME)";
				SWIFT_VERSION = 4.0;
				TARGETED_DEVICE_FAMILY = "1,2";
			};
			name = Debug;
		};
		F5BDC2B11FE2DE2700857326 /* Release */ = {
			isa = XCBuildConfiguration;
			buildSettings = {
				ASSETCATALOG_COMPILER_APPICON_NAME = AppIcon;
				CODE_SIGN_STYLE = Automatic;
				INFOPLIST_FILE = newAppAr/Info.plist;
				LD_RUNPATH_SEARCH_PATHS = "$(inherited) @executable_path/Frameworks";
				PRODUCT_BUNDLE_IDENTIFIER = appleDevAcademyNaples.newAppAr;
				PRODUCT_NAME = "$(TARGET_NAME)";
				SWIFT_VERSION = 4.0;
				TARGETED_DEVICE_FAMILY = "1,2";
			};
			name = Release;
		};
		F5BDC2B31FE2DE2700857326 /* Debug */ = {
			isa = XCBuildConfiguration;
			buildSettings = {
				ALWAYS_EMBED_SWIFT_STANDARD_LIBRARIES = YES;
				BUNDLE_LOADER = "$(TEST_HOST)";
				CODE_SIGN_STYLE = Automatic;
				INFOPLIST_FILE = newAppArTests/Info.plist;
				LD_RUNPATH_SEARCH_PATHS = "$(inherited) @executable_path/Frameworks @loader_path/Frameworks";
				PRODUCT_BUNDLE_IDENTIFIER = appleDevAcademyNaples.newAppArTests;
				PRODUCT_NAME = "$(TARGET_NAME)";
				SWIFT_VERSION = 4.0;
				TARGETED_DEVICE_FAMILY = "1,2";
				TEST_HOST = "$(BUILT_PRODUCTS_DIR)/newAppAr.app/newAppAr";
			};
			name = Debug;
		};
		F5BDC2B41FE2DE2700857326 /* Release */ = {
			isa = XCBuildConfiguration;
			buildSettings = {
				ALWAYS_EMBED_SWIFT_STANDARD_LIBRARIES = YES;
				BUNDLE_LOADER = "$(TEST_HOST)";
				CODE_SIGN_STYLE = Automatic;
				INFOPLIST_FILE = newAppArTests/Info.plist;
				LD_RUNPATH_SEARCH_PATHS = "$(inherited) @executable_path/Frameworks @loader_path/Frameworks";
				PRODUCT_BUNDLE_IDENTIFIER = appleDevAcademyNaples.newAppArTests;
				PRODUCT_NAME = "$(TARGET_NAME)";
				SWIFT_VERSION = 4.0;
				TARGETED_DEVICE_FAMILY = "1,2";
				TEST_HOST = "$(BUILT_PRODUCTS_DIR)/newAppAr.app/newAppAr";
			};
			name = Release;
		};
		F5BDC2B61FE2DE2700857326 /* Debug */ = {
			isa = XCBuildConfiguration;
			buildSettings = {
				ALWAYS_EMBED_SWIFT_STANDARD_LIBRARIES = YES;
				CODE_SIGN_STYLE = Automatic;
				INFOPLIST_FILE = newAppArUITests/Info.plist;
				LD_RUNPATH_SEARCH_PATHS = "$(inherited) @executable_path/Frameworks @loader_path/Frameworks";
				PRODUCT_BUNDLE_IDENTIFIER = appleDevAcademyNaples.newAppArUITests;
				PRODUCT_NAME = "$(TARGET_NAME)";
				SWIFT_VERSION = 4.0;
				TARGETED_DEVICE_FAMILY = "1,2";
				TEST_TARGET_NAME = newAppAr;
			};
			name = Debug;
		};
		F5BDC2B71FE2DE2700857326 /* Release */ = {
			isa = XCBuildConfiguration;
			buildSettings = {
				ALWAYS_EMBED_SWIFT_STANDARD_LIBRARIES = YES;
				CODE_SIGN_STYLE = Automatic;
				INFOPLIST_FILE = newAppArUITests/Info.plist;
				LD_RUNPATH_SEARCH_PATHS = "$(inherited) @executable_path/Frameworks @loader_path/Frameworks";
				PRODUCT_BUNDLE_IDENTIFIER = appleDevAcademyNaples.newAppArUITests;
				PRODUCT_NAME = "$(TARGET_NAME)";
				SWIFT_VERSION = 4.0;
				TARGETED_DEVICE_FAMILY = "1,2";
				TEST_TARGET_NAME = newAppAr;
			};
			name = Release;
		};
/* End XCBuildConfiguration section */

/* Begin XCConfigurationList section */
		F5BDC2821FE2DE2700857326 /* Build configuration list for PBXProject "newAppAr" */ = {
			isa = XCConfigurationList;
			buildConfigurations = (
				F5BDC2AD1FE2DE2700857326 /* Debug */,
				F5BDC2AE1FE2DE2700857326 /* Release */,
			);
			defaultConfigurationIsVisible = 0;
			defaultConfigurationName = Release;
		};
		F5BDC2AF1FE2DE2700857326 /* Build configuration list for PBXNativeTarget "newAppAr" */ = {
			isa = XCConfigurationList;
			buildConfigurations = (
				F5BDC2B01FE2DE2700857326 /* Debug */,
				F5BDC2B11FE2DE2700857326 /* Release */,
			);
			defaultConfigurationIsVisible = 0;
			defaultConfigurationName = Release;
		};
		F5BDC2B21FE2DE2700857326 /* Build configuration list for PBXNativeTarget "newAppArTests" */ = {
			isa = XCConfigurationList;
			buildConfigurations = (
				F5BDC2B31FE2DE2700857326 /* Debug */,
				F5BDC2B41FE2DE2700857326 /* Release */,
			);
			defaultConfigurationIsVisible = 0;
			defaultConfigurationName = Release;
		};
		F5BDC2B51FE2DE2700857326 /* Build configuration list for PBXNativeTarget "newAppArUITests" */ = {
			isa = XCConfigurationList;
			buildConfigurations = (
				F5BDC2B61FE2DE2700857326 /* Debug */,
				F5BDC2B71FE2DE2700857326 /* Release */,
			);
			defaultConfigurationIsVisible = 0;
			defaultConfigurationName = Release;
		};
/* End XCConfigurationList section */
	};
	rootObject = F5BDC27F1FE2DE2700857326 /* Project object */;
}
